// !$*UTF8*$!
{
	archiveVersion = 1;
	classes = {
	};
	objectVersion = 46;
	objects = {

/* Begin PBXBuildFile section */
		5953C61B1B5650EC004C87DA /* AddToDoItemViewController.m in Sources */ = {isa = PBXBuildFile; fileRef = 5953C61A1B5650EC004C87DA /* AddToDoItemViewController.m */; };
		5953C61E1B56512A004C87DA /* ToDoListTableViewController.m in Sources */ = {isa = PBXBuildFile; fileRef = 5953C61D1B56512A004C87DA /* ToDoListTableViewController.m */; };
		5953C6211B5661AB004C87DA /* ToDoItem.m in Sources */ = {isa = PBXBuildFile; fileRef = 5953C6201B5661AB004C87DA /* ToDoItem.m */; };
		59EFA85D1B55150400AA74A3 /* main.m in Sources */ = {isa = PBXBuildFile; fileRef = 59EFA85C1B55150400AA74A3 /* main.m */; };
		59EFA8601B55150400AA74A3 /* AppDelegate.m in Sources */ = {isa = PBXBuildFile; fileRef = 59EFA85F1B55150400AA74A3 /* AppDelegate.m */; };
		59EFA8661B55150400AA74A3 /* Main.storyboard in Resources */ = {isa = PBXBuildFile; fileRef = 59EFA8641B55150400AA74A3 /* Main.storyboard */; };
		59EFA8681B55150400AA74A3 /* Images.xcassets in Resources */ = {isa = PBXBuildFile; fileRef = 59EFA8671B55150400AA74A3 /* Images.xcassets */; };
		59EFA86B1B55150400AA74A3 /* LaunchScreen.xib in Resources */ = {isa = PBXBuildFile; fileRef = 59EFA8691B55150400AA74A3 /* LaunchScreen.xib */; };
		59EFA8771B55150400AA74A3 /* ToDoListTests.m in Sources */ = {isa = PBXBuildFile; fileRef = 59EFA8761B55150400AA74A3 /* ToDoListTests.m */; };
/* End PBXBuildFile section */

/* Begin PBXContainerItemProxy section */
		59EFA8711B55150400AA74A3 /* PBXContainerItemProxy */ = {
			isa = PBXContainerItemProxy;
			containerPortal = 59EFA84F1B55150400AA74A3 /* Project object */;
			proxyType = 1;
			remoteGlobalIDString = 59EFA8561B55150400AA74A3;
			remoteInfo = ToDoList;
		};
/* End PBXContainerItemProxy section */

/* Begin PBXFileReference section */
		5953C6191B5650EB004C87DA /* AddToDoItemViewController.h */ = {isa = PBXFileReference; fileEncoding = 4; lastKnownFileType = sourcecode.c.h; path = AddToDoItemViewController.h; sourceTree = "<group>"; };
		5953C61A1B5650EC004C87DA /* AddToDoItemViewController.m */ = {isa = PBXFileReference; fileEncoding = 4; lastKnownFileType = sourcecode.c.objc; path = AddToDoItemViewController.m; sourceTree = "<group>"; };
		5953C61C1B56512A004C87DA /* ToDoListTableViewController.h */ = {isa = PBXFileReference; fileEncoding = 4; lastKnownFileType = sourcecode.c.h; path = ToDoListTableViewController.h; sourceTree = "<group>"; };
		5953C61D1B56512A004C87DA /* ToDoListTableViewController.m */ = {isa = PBXFileReference; fileEncoding = 4; lastKnownFileType = sourcecode.c.objc; path = ToDoListTableViewController.m; sourceTree = "<group>"; };
		5953C61F1B5661AB004C87DA /* ToDoItem.h */ = {isa = PBXFileReference; fileEncoding = 4; lastKnownFileType = sourcecode.c.h; path = ToDoItem.h; sourceTree = "<group>"; };
		5953C6201B5661AB004C87DA /* ToDoItem.m */ = {isa = PBXFileReference; fileEncoding = 4; lastKnownFileType = sourcecode.c.objc; path = ToDoItem.m; sourceTree = "<group>"; };
		59EFA8571B55150400AA74A3 /* ToDoList.app */ = {isa = PBXFileReference; explicitFileType = wrapper.application; includeInIndex = 0; path = ToDoList.app; sourceTree = BUILT_PRODUCTS_DIR; };
		59EFA85B1B55150400AA74A3 /* Info.plist */ = {isa = PBXFileReference; lastKnownFileType = text.plist.xml; path = Info.plist; sourceTree = "<group>"; };
		59EFA85C1B55150400AA74A3 /* main.m */ = {isa = PBXFileReference; lastKnownFileType = sourcecode.c.objc; path = main.m; sourceTree = "<group>"; };
		59EFA85E1B55150400AA74A3 /* AppDelegate.h */ = {isa = PBXFileReference; lastKnownFileType = sourcecode.c.h; path = AppDelegate.h; sourceTree = "<group>"; };
		59EFA85F1B55150400AA74A3 /* AppDelegate.m */ = {isa = PBXFileReference; lastKnownFileType = sourcecode.c.objc; path = AppDelegate.m; sourceTree = "<group>"; };
		59EFA8651B55150400AA74A3 /* Base */ = {isa = PBXFileReference; lastKnownFileType = file.storyboard; name = Base; path = Base.lproj/Main.storyboard; sourceTree = "<group>"; };
		59EFA8671B55150400AA74A3 /* Images.xcassets */ = {isa = PBXFileReference; lastKnownFileType = folder.assetcatalog; path = Images.xcassets; sourceTree = "<group>"; };
		59EFA86A1B55150400AA74A3 /* Base */ = {isa = PBXFileReference; lastKnownFileType = file.xib; name = Base; path = Base.lproj/LaunchScreen.xib; sourceTree = "<group>"; };
		59EFA8701B55150400AA74A3 /* ToDoListTests.xctest */ = {isa = PBXFileReference; explicitFileType = wrapper.cfbundle; includeInIndex = 0; path = ToDoListTests.xctest; sourceTree = BUILT_PRODUCTS_DIR; };
		59EFA8751B55150400AA74A3 /* Info.plist */ = {isa = PBXFileReference; lastKnownFileType = text.plist.xml; path = Info.plist; sourceTree = "<group>"; };
		59EFA8761B55150400AA74A3 /* ToDoListTests.m */ = {isa = PBXFileReference; lastKnownFileType = sourcecode.c.objc; path = ToDoListTests.m; sourceTree = "<group>"; };
/* End PBXFileReference section */

/* Begin PBXFrameworksBuildPhase section */
		59EFA8541B55150400AA74A3 /* Frameworks */ = {
			isa = PBXFrameworksBuildPhase;
			buildActionMask = 2147483647;
			files = (
			);
			runOnlyForDeploymentPostprocessing = 0;
		};
		59EFA86D1B55150400AA74A3 /* Frameworks */ = {
			isa = PBXFrameworksBuildPhase;
			buildActionMask = 2147483647;
			files = (
			);
			runOnlyForDeploymentPostprocessing = 0;
		};
/* End PBXFrameworksBuildPhase section */

/* Begin PBXGroup section */
		59EFA84E1B55150400AA74A3 = {
			isa = PBXGroup;
			children = (
				59EFA8591B55150400AA74A3 /* ToDoList */,
				59EFA8731B55150400AA74A3 /* ToDoListTests */,
				59EFA8581B55150400AA74A3 /* Products */,
			);
			sourceTree = "<group>";
		};
		59EFA8581B55150400AA74A3 /* Products */ = {
			isa = PBXGroup;
			children = (
				59EFA8571B55150400AA74A3 /* ToDoList.app */,
				59EFA8701B55150400AA74A3 /* ToDoListTests.xctest */,
			);
			name = Products;
			sourceTree = "<group>";
		};
		59EFA8591B55150400AA74A3 /* ToDoList */ = {
			isa = PBXGroup;
			children = (
				59EFA85E1B55150400AA74A3 /* AppDelegate.h */,
				59EFA85F1B55150400AA74A3 /* AppDelegate.m */,
				59EFA8641B55150400AA74A3 /* Main.storyboard */,
				59EFA8671B55150400AA74A3 /* Images.xcassets */,
				59EFA8691B55150400AA74A3 /* LaunchScreen.xib */,
				59EFA85A1B55150400AA74A3 /* Supporting Files */,
				5953C6191B5650EB004C87DA /* AddToDoItemViewController.h */,
				5953C61A1B5650EC004C87DA /* AddToDoItemViewController.m */,
				5953C61C1B56512A004C87DA /* ToDoListTableViewController.h */,
				5953C61D1B56512A004C87DA /* ToDoListTableViewController.m */,
				5953C61F1B5661AB004C87DA /* ToDoItem.h */,
				5953C6201B5661AB004C87DA /* ToDoItem.m */,
			);
			path = ToDoList;
			sourceTree = "<group>";
		};
		59EFA85A1B55150400AA74A3 /* Supporting Files */ = {
			isa = PBXGroup;
			children = (
				59EFA85B1B55150400AA74A3 /* Info.plist */,
				59EFA85C1B55150400AA74A3 /* main.m */,
			);
			name = "Supporting Files";
			sourceTree = "<group>";
		};
		59EFA8731B55150400AA74A3 /* ToDoListTests */ = {
			isa = PBXGroup;
			children = (
				59EFA8761B55150400AA74A3 /* ToDoListTests.m */,
				59EFA8741B55150400AA74A3 /* Supporting Files */,
			);
			path = ToDoListTests;
			sourceTree = "<group>";
		};
		59EFA8741B55150400AA74A3 /* Supporting Files */ = {
			isa = PBXGroup;
			children = (
				59EFA8751B55150400AA74A3 /* Info.plist */,
			);
			name = "Supporting Files";
			sourceTree = "<group>";
		};
/* End PBXGroup section */

/* Begin PBXNativeTarget section */
		59EFA8561B55150400AA74A3 /* ToDoList */ = {
			isa = PBXNativeTarget;
			buildConfigurationList = 59EFA87A1B55150400AA74A3 /* Build configuration list for PBXNativeTarget "ToDoList" */;
			buildPhases = (
				59EFA8531B55150400AA74A3 /* Sources */,
				59EFA8541B55150400AA74A3 /* Frameworks */,
				59EFA8551B55150400AA74A3 /* Resources */,
			);
			buildRules = (
			);
			dependencies = (
			);
			name = ToDoList;
			productName = ToDoList;
			productReference = 59EFA8571B55150400AA74A3 /* ToDoList.app */;
			productType = "com.apple.product-type.application";
		};
		59EFA86F1B55150400AA74A3 /* ToDoListTests */ = {
			isa = PBXNativeTarget;
			buildConfigurationList = 59EFA87D1B55150400AA74A3 /* Build configuration list for PBXNativeTarget "ToDoListTests" */;
			buildPhases = (
				59EFA86C1B55150400AA74A3 /* Sources */,
				59EFA86D1B55150400AA74A3 /* Frameworks */,
				59EFA86E1B55150400AA74A3 /* Resources */,
			);
			buildRules = (
			);
			dependencies = (
				59EFA8721B55150400AA74A3 /* PBXTargetDependency */,
			);
			name = ToDoListTests;
			productName = ToDoListTests;
			productReference = 59EFA8701B55150400AA74A3 /* ToDoListTests.xctest */;
			productType = "com.apple.product-type.bundle.unit-test";
		};
/* End PBXNativeTarget section */

/* Begin PBXProject section */
		59EFA84F1B55150400AA74A3 /* Project object */ = {
			isa = PBXProject;
			attributes = {
				LastUpgradeCheck = 0640;
				ORGANIZATIONNAME = "Soichiro Yoshimura";
				TargetAttributes = {
					59EFA8561B55150400AA74A3 = {
						CreatedOnToolsVersion = 6.4;
					};
					59EFA86F1B55150400AA74A3 = {
						CreatedOnToolsVersion = 6.4;
						TestTargetID = 59EFA8561B55150400AA74A3;
					};
				};
			};
			buildConfigurationList = 59EFA8521B55150400AA74A3 /* Build configuration list for PBXProject "ToDoList" */;
			compatibilityVersion = "Xcode 3.2";
			developmentRegion = English;
			hasScannedForEncodings = 0;
			knownRegions = (
				en,
				Base,
			);
			mainGroup = 59EFA84E1B55150400AA74A3;
			productRefGroup = 59EFA8581B55150400AA74A3 /* Products */;
			projectDirPath = "";
			projectRoot = "";
			targets = (
				59EFA8561B55150400AA74A3 /* ToDoList */,
				59EFA86F1B55150400AA74A3 /* ToDoListTests */,
			);
		};
/* End PBXProject section */

/* Begin PBXResourcesBuildPhase section */
		59EFA8551B55150400AA74A3 /* Resources */ = {
			isa = PBXResourcesBuildPhase;
			buildActionMask = 2147483647;
			files = (
				59EFA8661B55150400AA74A3 /* Main.storyboard in Resources */,
				59EFA86B1B55150400AA74A3 /* LaunchScreen.xib in Resources */,
				59EFA8681B55150400AA74A3 /* Images.xcassets in Resources */,
			);
			runOnlyForDeploymentPostprocessing = 0;
		};
		59EFA86E1B55150400AA74A3 /* Resources */ = {
			isa = PBXResourcesBuildPhase;
			buildActionMask = 2147483647;
			files = (
			);
			runOnlyForDeploymentPostprocessing = 0;
		};
/* End PBXResourcesBuildPhase section */

/* Begin PBXSourcesBuildPhase section */
		59EFA8531B55150400AA74A3 /* Sources */ = {
			isa = PBXSourcesBuildPhase;
			buildActionMask = 2147483647;
			files = (
				59EFA8601B55150400AA74A3 /* AppDelegate.m in Sources */,
				5953C6211B5661AB004C87DA /* ToDoItem.m in Sources */,
				5953C61E1B56512A004C87DA /* ToDoListTableViewController.m in Sources */,
				59EFA85D1B55150400AA74A3 /* main.m in Sources */,
				5953C61B1B5650EC004C87DA /* AddToDoItemViewController.m in Sources */,
			);
			runOnlyForDeploymentPostprocessing = 0;
		};
		59EFA86C1B55150400AA74A3 /* Sources */ = {
			isa = PBXSourcesBuildPhase;
			buildActionMask = 2147483647;
			files = (
				59EFA8771B55150400AA74A3 /* ToDoListTests.m in Sources */,
			);
			runOnlyForDeploymentPostprocessing = 0;
		};
/* End PBXSourcesBuildPhase section */

/* Begin PBXTargetDependency section */
		59EFA8721B55150400AA74A3 /* PBXTargetDependency */ = {
			isa = PBXTargetDependency;
			target = 59EFA8561B55150400AA74A3 /* ToDoList */;
			targetProxy = 59EFA8711B55150400AA74A3 /* PBXContainerItemProxy */;
		};
/* End PBXTargetDependency section */

/* Begin PBXVariantGroup section */
		59EFA8641B55150400AA74A3 /* Main.storyboard */ = {
			isa = PBXVariantGroup;
			children = (
				59EFA8651B55150400AA74A3 /* Base */,
			);
			name = Main.storyboard;
			sourceTree = "<group>";
		};
		59EFA8691B55150400AA74A3 /* LaunchScreen.xib */ = {
			isa = PBXVariantGroup;
			children = (
				59EFA86A1B55150400AA74A3 /* Base */,
			);
			name = LaunchScreen.xib;
			sourceTree = "<group>";
		};
/* End PBXVariantGroup section */

/* Begin XCBuildConfiguration section */
		59EFA8781B55150400AA74A3 /* Debug */ = {
			isa = XCBuildConfiguration;
			buildSettings = {
				ALWAYS_SEARCH_USER_PATHS = NO;
				CLANG_CXX_LANGUAGE_STANDARD = "gnu++0x";
				CLANG_CXX_LIBRARY = "libc++";
				CLANG_ENABLE_MODULES = YES;
				CLANG_ENABLE_OBJC_ARC = YES;
				CLANG_WARN_BOOL_CONVERSION = YES;
				CLANG_WARN_CONSTANT_CONVERSION = YES;
				CLANG_WARN_DIRECT_OBJC_ISA_USAGE = YES_ERROR;
				CLANG_WARN_EMPTY_BODY = YES;
				CLANG_WARN_ENUM_CONVERSION = YES;
				CLANG_WARN_INT_CONVERSION = YES;
				CLANG_WARN_OBJC_ROOT_CLASS = YES_ERROR;
				CLANG_WARN_UNREACHABLE_CODE = YES;
				CLANG_WARN__DUPLICATE_METHOD_MATCH = YES;
				"CODE_SIGN_IDENTITY[sdk=iphoneos*]" = "iPhone Developer";
				COPY_PHASE_STRIP = NO;
				DEBUG_INFORMATION_FORMAT = "dwarf-with-dsym";
				ENABLE_STRICT_OBJC_MSGSEND = YES;
				GCC_C_LANGUAGE_STANDARD = gnu99;
				GCC_DYNAMIC_NO_PIC = NO;
				GCC_NO_COMMON_BLOCKS = YES;
				GCC_OPTIMIZATION_LEVEL = 0;
				GCC_PREPROCESSOR_DEFINITIONS = (
					"DEBUG=1",
					"$(inherited)",
				);
				GCC_SYMBOLS_PRIVATE_EXTERN = NO;
				GCC_WARN_64_TO_32_BIT_CONVERSION = YES;
				GCC_WARN_ABOUT_RETURN_TYPE = YES_ERROR;
				GCC_WARN_UNDECLARED_SELECTOR = YES;
				GCC_WARN_UNINITIALIZED_AUTOS = YES_AGGRESSIVE;
				GCC_WARN_UNUSED_FUNCTION = YES;
				GCC_WARN_UNUSED_VARIABLE = YES;
				IPHONEOS_DEPLOYMENT_TARGET = 8.4;
				MTL_ENABLE_DEBUG_INFO = YES;
				ONLY_ACTIVE_ARCH = YES;
				SDKROOT = iphoneos;
				TARGETED_DEVICE_FAMILY = "1,2";
			};
			name = Debug;
		};
		59EFA8791B55150400AA74A3 /* Release */ = {
			isa = XCBuildConfiguration;
			buildSettings = {
				ALWAYS_SEARCH_USER_PATHS = NO;
				CLANG_CXX_LANGUAGE_STANDARD = "gnu++0x";
				CLANG_CXX_LIBRARY = "libc++";
				CLANG_ENABLE_MODULES = YES;
				CLANG_ENABLE_OBJC_ARC = YES;
				CLANG_WARN_BOOL_CONVERSION = YES;
				CLANG_WARN_CONSTANT_CONVERSION = YES;
				CLANG_WARN_DIRECT_OBJC_ISA_USAGE = YES_ERROR;
				CLANG_WARN_EMPTY_BODY = YES;
				CLANG_WARN_ENUM_CONVERSION = YES;
				CLANG_WARN_INT_CONVERSION = YES;
				CLANG_WARN_OBJC_ROOT_CLASS = YES_ERROR;
				CLANG_WARN_UNREACHABLE_CODE = YES;
				CLANG_WARN__DUPLICATE_METHOD_MATCH = YES;
				"CODE_SIGN_IDENTITY[sdk=iphoneos*]" = "iPhone Developer";
				COPY_PHASE_STRIP = NO;
				DEBUG_INFORMATION_FORMAT = "dwarf-with-dsym";
				ENABLE_NS_ASSERTIONS = NO;
				ENABLE_STRICT_OBJC_MSGSEND = YES;
				GCC_C_LANGUAGE_STANDARD = gnu99;
				GCC_NO_COMMON_BLOCKS = YES;
				GCC_WARN_64_TO_32_BIT_CONVERSION = YES;
				GCC_WARN_ABOUT_RETURN_TYPE = YES_ERROR;
				GCC_WARN_UNDECLARED_SELECTOR = YES;
				GCC_WARN_UNINITIALIZED_AUTOS = YES_AGGRESSIVE;
				GCC_WARN_UNUSED_FUNCTION = YES;
				GCC_WARN_UNUSED_VARIABLE = YES;
				IPHONEOS_DEPLOYMENT_TARGET = 8.4;
				MTL_ENABLE_DEBUG_INFO = NO;
				SDKROOT = iphoneos;
				TARGETED_DEVICE_FAMILY = "1,2";
				VALIDATE_PRODUCT = YES;
			};
			name = Release;
		};
		59EFA87B1B55150400AA74A3 /* Debug */ = {
			isa = XCBuildConfiguration;
			buildSettings = {
				ASSETCATALOG_COMPILER_APPICON_NAME = AppIcon;
				INFOPLIST_FILE = ToDoList/Info.plist;
				LD_RUNPATH_SEARCH_PATHS = "$(inherited) @executable_path/Frameworks";
				PRODUCT_NAME = "$(TARGET_NAME)";
			};
			name = Debug;
		};
		59EFA87C1B55150400AA74A3 /* Release */ = {
			isa = XCBuildConfiguration;
			buildSettings = {
				ASSETCATALOG_COMPILER_APPICON_NAME = AppIcon;
				INFOPLIST_FILE = ToDoList/Info.plist;
				LD_RUNPATH_SEARCH_PATHS = "$(inherited) @executable_path/Frameworks";
				PRODUCT_NAME = "$(TARGET_NAME)";
			};
			name = Release;
		};
		59EFA87E1B55150400AA74A3 /* Debug */ = {
			isa = XCBuildConfiguration;
			buildSettings = {
				BUNDLE_LOADER = "$(TEST_HOST)";
				FRAMEWORK_SEARCH_PATHS = (
					"$(SDKROOT)/Developer/Library/Frameworks",
					"$(inherited)",
				);
				GCC_PREPROCESSOR_DEFINITIONS = (
					"DEBUG=1",
					"$(inherited)",
				);
				INFOPLIST_FILE = ToDoListTests/Info.plist;
				LD_RUNPATH_SEARCH_PATHS = "$(inherited) @executable_path/Frameworks @loader_path/Frameworks";
				PRODUCT_NAME = "$(TARGET_NAME)";
				TEST_HOST = "$(BUILT_PRODUCTS_DIR)/ToDoList.app/ToDoList";
			};
			name = Debug;
		};
		59EFA87F1B55150400AA74A3 /* Release */ = {
			isa = XCBuildConfiguration;
			buildSettings = {
				BUNDLE_LOADER = "$(TEST_HOST)";
				FRAMEWORK_SEARCH_PATHS = (
					"$(SDKROOT)/Developer/Library/Frameworks",
					"$(inherited)",
				);
				INFOPLIST_FILE = ToDoListTests/Info.plist;
				LD_RUNPATH_SEARCH_PATHS = "$(inherited) @executable_path/Frameworks @loader_path/Frameworks";
				PRODUCT_NAME = "$(TARGET_NAME)";
				TEST_HOST = "$(BUILT_PRODUCTS_DIR)/ToDoList.app/ToDoList";
			};
			name = Release;
		};
/* End XCBuildConfiguration section */

/* Begin XCConfigurationList section */
		59EFA8521B55150400AA74A3 /* Build configuration list for PBXProject "ToDoList" */ = {
			isa = XCConfigurationList;
			buildConfigurations = (
				59EFA8781B55150400AA74A3 /* Debug */,
				59EFA8791B55150400AA74A3 /* Release */,
			);
			defaultConfigurationIsVisible = 0;
			defaultConfigurationName = Release;
		};
		59EFA87A1B55150400AA74A3 /* Build configuration list for PBXNativeTarget "ToDoList" */ = {
			isa = XCConfigurationList;
			buildConfigurations = (
				59EFA87B1B55150400AA74A3 /* Debug */,
				59EFA87C1B55150400AA74A3 /* Release */,
			);
			defaultConfigurationIsVisible = 0;
			defaultConfigurationName = Release;
		};
		59EFA87D1B55150400AA74A3 /* Build configuration list for PBXNativeTarget "ToDoListTests" */ = {
			isa = XCConfigurationList;
			buildConfigurations = (
				59EFA87E1B55150400AA74A3 /* Debug */,
				59EFA87F1B55150400AA74A3 /* Release */,
			);
			defaultConfigurationIsVisible = 0;
			defaultConfigurationName = Release;
		};
/* End XCConfigurationList section */
	};
	rootObject = 59EFA84F1B55150400AA74A3 /* Project object */;
}
